
Microsoft Visual Studio Solution File, Format Version 12.00
# Visual Studio Version 17
VisualStudioVersion = 17.7.34018.315
MinimumVisualStudioVersion = 10.0.40219.1
Project("{FAE04EC0-301F-11D3-BF4B-00C04F79EFBC}") = "TestProject1", "TestProject1\TestProject1.csproj", "{CB06C374-16F1-456D-9915-101412190641}"
EndProject
Global
	GlobalSection(SolutionConfigurationPlatforms) = preSolution
		Debug|Any CPU = Debug|Any CPU
		Release|Any CPU = Release|Any CPU
	EndGlobalSection
	GlobalSection(ProjectConfigurationPlatforms) = postSolution
		{CB06C374-16F1-456D-9915-101412190641}.Debug|Any CPU.ActiveCfg = Debug|Any CPU
		{CB06C374-16F1-456D-9915-101412190641}.Debug|Any CPU.Build.0 = Debug|Any CPU
		{CB06C374-16F1-456D-9915-101412190641}.Release|Any CPU.ActiveCfg = Release|Any CPU
		{CB06C374-16F1-456D-9915-101412190641}.Release|Any CPU.Build.0 = Release|Any CPU
	EndGlobalSection
	GlobalSection(SolutionProperties) = preSolution
		HideSolutionNode = FALSE
	EndGlobalSection
	GlobalSection(ExtensibilityGlobals) = postSolution
		SolutionGuid = {17BFF953-A447-4895-B7EC-0F105954173A}
	EndGlobalSection
EndGlobal
